{
  "name": "laa-apply-for-legal-aid",
  "requires": true,
  "lockfileVersion": 1,
  "dependencies": {
    "govuk-frontend": {
      "version": "1.1.1",
      "resolved": "https://registry.npmjs.org/govuk-frontend/-/govuk-frontend-1.1.1.tgz",
      "integrity": "sha512-Ut4BWcW4LZrHMe5E+0+Py6yScoguDnZ17GohA2okbTw/nzhp4st2p1AK9N9dvqaLYS1yw0pcfgRP5jzyCZ14QQ=="
    },
    "js-search": {
      "version": "1.4.2",
      "resolved": "https://registry.npmjs.org/js-search/-/js-search-1.4.2.tgz",
      "integrity": "sha1-WakeEX1rrbIL8NdkO6dXfVqB1+I="
    }
  }
}
