dependencies:
- name: postgresql
  repository: https://charts.bitnami.com/bitnami
  version: 11.9.13
- name: redis
  repository: https://charts.bitnami.com/bitnami
  version: 17.15.2
digest: sha256:2e2e4d3ce5a2dbaf9e36b36a76ee25a1b656ff786438ba57f18aa60ac793e2fe
generated: "2023-10-30T08:33:43.779091Z"
