dependencies:
- name: postgresql
  repository: https://charts.bitnami.com/bitnami
  version: 11.9.13
- name: redis
  repository: https://charts.bitnami.com/bitnami
  version: 16.13.2
digest: sha256:334d2a8d2b464929a6c9534bdd4efb53e3f1c9a9a3f172c7851286dcfeda53fd
generated: "2023-10-13T14:00:08.90648+01:00"
