dependencies:
- name: postgresql
  repository: https://charts.bitnami.com/bitnami
  version: 16.6.3
- name: redis
  repository: https://charts.bitnami.com/bitnami
  version: 17.15.2
digest: sha256:39a5015f50a2155999a023a7d0fc54c8b323dac49017c51de1a2864eb2ab4be2
generated: "2025-04-15T07:54:34.411987+01:00"
